PODS:
  - battery_plus (0.0.1):
    - FlutterMacOS
  - connectivity_plus (0.0.1):
    - FlutterMacOS
  - device_info_plus (0.0.1):
    - FlutterMacOS
  - file_selector_macos (0.0.1):
    - FlutterMacOS
  - flutter_secure_storage_macos (6.1.3):
    - FlutterMacOS
  - FlutterMacOS (1.0.0)
  - objective_c (0.0.1):
    - FlutterMacOS
  - package_info_plus (0.0.1):
    - FlutterMacOS
  - path_provider_foundation (0.0.1):
    - Flutter
    - FlutterMacOS
  - rust_lib_crypto_mobile_app (0.0.1):
    - FlutterMacOS
  - Sentry/HybridSDK (8.56.2)
  - sentry_flutter (9.7.0):
    - Flutter
    - FlutterMacOS
    - Sentry/HybridSDK (= 8.56.2)
  - shared_preferences_foundation (0.0.1):
    - Flutter
    - FlutterMacOS
  - url_launcher_macos (0.0.1):
    - FlutterMacOS
  - wakelock_plus (0.0.1):
    - FlutterMacOS
  - webview_flutter_wkwebview (0.0.1):
    - Flutter
    - FlutterMacOS

DEPENDENCIES:
  - battery_plus (from `Flutter/ephemeral/.symlinks/plugins/battery_plus/macos`)
  - connectivity_plus (from `Flutter/ephemeral/.symlinks/plugins/connectivity_plus/macos`)
  - device_info_plus (from `Flutter/ephemeral/.symlinks/plugins/device_info_plus/macos`)
  - file_selector_macos (from `Flutter/ephemeral/.symlinks/plugins/file_selector_macos/macos`)
  - flutter_secure_storage_macos (from `Flutter/ephemeral/.symlinks/plugins/flutter_secure_storage_macos/macos`)
  - FlutterMacOS (from `Flutter/ephemeral`)
  - objective_c (from `Flutter/ephemeral/.symlinks/plugins/objective_c/macos`)
  - package_info_plus (from `Flutter/ephemeral/.symlinks/plugins/package_info_plus/macos`)
  - path_provider_foundation (from `Flutter/ephemeral/.symlinks/plugins/path_provider_foundation/darwin`)
  - rust_lib_crypto_mobile_app (from `Flutter/ephemeral/.symlinks/plugins/rust_lib_crypto_mobile_app/macos`)
  - sentry_flutter (from `Flutter/ephemeral/.symlinks/plugins/sentry_flutter/macos`)
  - shared_preferences_foundation (from `Flutter/ephemeral/.symlinks/plugins/shared_preferences_foundation/darwin`)
  - url_launcher_macos (from `Flutter/ephemeral/.symlinks/plugins/url_launcher_macos/macos`)
  - wakelock_plus (from `Flutter/ephemeral/.symlinks/plugins/wakelock_plus/macos`)
  - webview_flutter_wkwebview (from `Flutter/ephemeral/.symlinks/plugins/webview_flutter_wkwebview/darwin`)

SPEC REPOS:
  trunk:
    - Sentry

EXTERNAL SOURCES:
  battery_plus:
    :path: Flutter/ephemeral/.symlinks/plugins/battery_plus/macos
  connectivity_plus:
    :path: Flutter/ephemeral/.symlinks/plugins/connectivity_plus/macos
  device_info_plus:
    :path: Flutter/ephemeral/.symlinks/plugins/device_info_plus/macos
  file_selector_macos:
    :path: Flutter/ephemeral/.symlinks/plugins/file_selector_macos/macos
  flutter_secure_storage_macos:
    :path: Flutter/ephemeral/.symlinks/plugins/flutter_secure_storage_macos/macos
  FlutterMacOS:
    :path: Flutter/ephemeral
  objective_c:
    :path: Flutter/ephemeral/.symlinks/plugins/objective_c/macos
  package_info_plus:
    :path: Flutter/ephemeral/.symlinks/plugins/package_info_plus/macos
  path_provider_foundation:
    :path: Flutter/ephemeral/.symlinks/plugins/path_provider_foundation/darwin
  rust_lib_crypto_mobile_app:
    :path: Flutter/ephemeral/.symlinks/plugins/rust_lib_crypto_mobile_app/macos
  sentry_flutter:
    :path: Flutter/ephemeral/.symlinks/plugins/sentry_flutter/macos
  shared_preferences_foundation:
    :path: Flutter/ephemeral/.symlinks/plugins/shared_preferences_foundation/darwin
  url_launcher_macos:
    :path: Flutter/ephemeral/.symlinks/plugins/url_launcher_macos/macos
  wakelock_plus:
    :path: Flutter/ephemeral/.symlinks/plugins/wakelock_plus/macos
  webview_flutter_wkwebview:
    :path: Flutter/ephemeral/.symlinks/plugins/webview_flutter_wkwebview/darwin

SPEC CHECKSUMS:
  battery_plus: 0ed4cf1e771b535a89ac7323e0855ec734cf745f
  connectivity_plus: 0a976dfd033b59192912fa3c6c7b54aab5093802
  device_info_plus: 5401765fde0b8d062a2f8eb65510fb17e77cf07f
  file_selector_macos: 3e56eaea051180007b900eacb006686fd54da150
  flutter_secure_storage_macos: c2754d3483d20bb207bb9e5a14f1b8e771abcdb9
  FlutterMacOS: d0db08ddef1a9af05a5ec4b724367152bb0500b1
  objective_c: e5f8194456e8fc943e034d1af00510a1bc29c067
  package_info_plus: 12f1c5c2cfe8727ca46cbd0b26677728972d9a5b
  path_provider_foundation: 2b6b4c569c0fb62ec74538f866245ac84301af46
  rust_lib_crypto_mobile_app: cae7a3c0483c3523cb535705bcf8e930984aa011
  Sentry: b53951377b78e21a734f5dc8318e333dbfc682d7
  sentry_flutter: b71c80b7a071cc42af82576046ff2db19fc12f57
  shared_preferences_foundation: fcdcbc04712aee1108ac7fda236f363274528f78
  url_launcher_macos: 175a54c831f4375a6cf895875f716ee5af3888ce
  wakelock_plus: 9d63063ffb7af1c215209769067c57103bde719d
  webview_flutter_wkwebview: 29eb20d43355b48fe7d07113835b9128f84e3af4

PODFILE CHECKSUM: b9d13695aeb7656ee2f79a152a15a0a46c2f23c2

COCOAPODS: 1.16.2
