PODS:
  - device_info_plus (0.0.1):
    - Flutter
  - Flutter (1.0.0)
  - flutter_local_notifications (0.0.1):
    - Flutter
  - flutter_secure_storage (6.0.0):
    - Flutter
  - image_picker_ios (0.0.1):
    - Flutter
  - integration_test (0.0.1):
    - Flutter
  - objective_c (0.0.1):
    - Flutter
  - package_info_plus (0.4.5):
    - Flutter
  - path_provider_foundation (0.0.1):
    - Flutter
    - FlutterMacOS
  - rust_lib_crypto_mobile_app (0.0.1):
    - Flutter
  - Sentry/HybridSDK (8.56.2)
  - sentry_flutter (9.7.0):
    - Flutter
    - FlutterMacOS
    - Sentry/HybridSDK (= 8.56.2)
  - shared_preferences_foundation (0.0.1):
    - Flutter
    - FlutterMacOS
  - wakelock_plus (0.0.1):
    - Flutter
  - workmanager_apple (0.0.1):
    - Flutter

DEPENDENCIES:
  - device_info_plus (from `.symlinks/plugins/device_info_plus/ios`)
  - Flutter (from `Flutter`)
  - flutter_local_notifications (from `.symlinks/plugins/flutter_local_notifications/ios`)
  - flutter_secure_storage (from `.symlinks/plugins/flutter_secure_storage/ios`)
  - image_picker_ios (from `.symlinks/plugins/image_picker_ios/ios`)
  - integration_test (from `.symlinks/plugins/integration_test/ios`)
  - objective_c (from `.symlinks/plugins/objective_c/ios`)
  - package_info_plus (from `.symlinks/plugins/package_info_plus/ios`)
  - path_provider_foundation (from `.symlinks/plugins/path_provider_foundation/darwin`)
  - rust_lib_crypto_mobile_app (from `.symlinks/plugins/rust_lib_crypto_mobile_app/ios`)
  - sentry_flutter (from `.symlinks/plugins/sentry_flutter/ios`)
  - shared_preferences_foundation (from `.symlinks/plugins/shared_preferences_foundation/darwin`)
  - wakelock_plus (from `.symlinks/plugins/wakelock_plus/ios`)
  - workmanager_apple (from `.symlinks/plugins/workmanager_apple/ios`)

SPEC REPOS:
  trunk:
    - Sentry

EXTERNAL SOURCES:
  device_info_plus:
    :path: ".symlinks/plugins/device_info_plus/ios"
  Flutter:
    :path: Flutter
  flutter_local_notifications:
    :path: ".symlinks/plugins/flutter_local_notifications/ios"
  flutter_secure_storage:
    :path: ".symlinks/plugins/flutter_secure_storage/ios"
  image_picker_ios:
    :path: ".symlinks/plugins/image_picker_ios/ios"
  integration_test:
    :path: ".symlinks/plugins/integration_test/ios"
  objective_c:
    :path: ".symlinks/plugins/objective_c/ios"
  package_info_plus:
    :path: ".symlinks/plugins/package_info_plus/ios"
  path_provider_foundation:
    :path: ".symlinks/plugins/path_provider_foundation/darwin"
  rust_lib_crypto_mobile_app:
    :path: ".symlinks/plugins/rust_lib_crypto_mobile_app/ios"
  sentry_flutter:
    :path: ".symlinks/plugins/sentry_flutter/ios"
  shared_preferences_foundation:
    :path: ".symlinks/plugins/shared_preferences_foundation/darwin"
  wakelock_plus:
    :path: ".symlinks/plugins/wakelock_plus/ios"
  workmanager_apple:
    :path: ".symlinks/plugins/workmanager_apple/ios"

SPEC CHECKSUMS:
  device_info_plus: 335f3ce08d2e174b9fdc3db3db0f4e3b1f66bd89
  Flutter: cabc95a1d2626b1b06e7179b784ebcf0c0cde467
  flutter_local_notifications: ad39620c743ea4c15127860f4b5641649a988100
  flutter_secure_storage: 1ed9476fba7e7a782b22888f956cce43e2c62f13
  image_picker_ios: e0ece4aa2a75771a7de3fa735d26d90817041326
  integration_test: 4a889634ef21a45d28d50d622cf412dc6d9f586e
  objective_c: 89e720c30d716b036faf9c9684022048eee1eee2
  package_info_plus: af8e2ca6888548050f16fa2f1938db7b5a5df499
  path_provider_foundation: 080d55be775b7414fd5a5ef3ac137b97b097e564
  rust_lib_crypto_mobile_app: d8e2f4b5b62accf8102358a1c161d3af392a3f8b
  Sentry: b53951377b78e21a734f5dc8318e333dbfc682d7
  sentry_flutter: 7f88e12d1882ec6e648644a7c0ff5b1466f07f99
  shared_preferences_foundation: 9e1978ff2562383bd5676f64ec4e9aa8fa06a6f7
  wakelock_plus: e29112ab3ef0b318e58cfa5c32326458be66b556
  workmanager_apple: 904529ae31e97fc5be632cf628507652294a0778

PODFILE CHECKSUM: 896cb4d4529519f14852a86ba462cd2263782ead

COCOAPODS: 1.16.2
